<?xml version="1.0" encoding="utf-8"?>
<Project ToolsVersion="4.0" xmlns="http://schemas.microsoft.com/developer/msbuild/2003">
  <ItemGroup>
    <ClCompile Include="src\CPU.cpp">
      <Filter>Sources</Filter>
    </ClCompile>
    <ClCompile Include="src\Emulator.cpp">
      <Filter>Sources</Filter>
    </ClCompile>
    <ClCompile Include="src\Logger.cpp">
      <Filter>Sources</Filter>
    </ClCompile>
    <ClCompile Include="src\Main.cpp">
      <Filter>Sources</Filter>
    </ClCompile>
    <ClCompile Include="src\MMU.cpp">
      <Filter>Sources</Filter>
    </ClCompile>
    <ClCompile Include="src\pch.cpp">
      <Filter>Sources</Filter>
    </ClCompile>
  </ItemGroup>
  <ItemGroup>
    <ClInclude Include="src\Emulator.hpp" />
    <ClInclude Include="src\Logger.hpp" />
    <ClInclude Include="src\MMU.hpp" />
    <ClInclude Include="src\PCH.hpp" />
    <ClInclude Include="src\Emulator.hpp" />
    <ClInclude Include="src\Logger.hpp" />
    <ClInclude Include="src\MMU.hpp" />
    <ClInclude Include="src\PCH.hpp" />
    <ClInclude Include="src\Emulator.hpp" />
    <ClInclude Include="src\Logger.hpp" />
    <ClInclude Include="src\MMU.hpp" />
    <ClInclude Include="src\PCH.hpp" />
    <ClInclude Include="src\Emulator.hpp" />
    <ClInclude Include="src\Logger.hpp" />
    <ClInclude Include="src\MMU.hpp" />
    <ClInclude Include="src\PCH.hpp" />
    <ClInclude Include="src\Emulator.hpp" />
    <ClInclude Include="src\Logger.hpp" />
    <ClInclude Include="src\MMU.hpp" />
    <ClInclude Include="src\PCH.hpp" />
    <ClInclude Include="src\CPU.hpp">
      <Filter>Headers</Filter>
    </ClInclude>
    <ClInclude Include="src\Emulator.hpp" />
    <ClInclude Include="src\Logger.hpp" />
    <ClInclude Include="src\MMU.hpp" />
    <ClInclude Include="src\PCH.hpp" />
    <ClInclude Include="src\CPU.hpp">
      <Filter>Headers</Filter>
    </ClInclude>
    <ClInclude Include="src\Emulator.hpp" />
    <ClInclude Include="src\Logger.hpp" />
    <ClInclude Include="src\MMU.hpp" />
    <ClInclude Include="src\PCH.hpp" />
    <ClInclude Include="src\CPU.hpp">
      <Filter>Headers</Filter>
    </ClInclude>
    <ClInclude Include="src\Emulator.hpp" />
    <ClInclude Include="src\Logger.hpp" />
    <ClInclude Include="src\MMU.hpp" />
    <ClInclude Include="src\PCH.hpp" />
    <ClInclude Include="src\CPU.hpp">
      <Filter>Headers</Filter>
    </ClInclude>
    <ClInclude Include="src\Emulator.hpp" />
    <ClInclude Include="src\Logger.hpp" />
    <ClInclude Include="src\MMU.hpp" />
    <ClInclude Include="src\PCH.hpp" />
    <ClInclude Include="src\CPU.hpp">
      <Filter>Headers</Filter>
    </ClInclude>
    <ClInclude Include="src\Emulator.hpp" />
    <ClInclude Include="src\Logger.hpp" />
    <ClInclude Include="src\MMU.hpp" />
    <ClInclude Include="src\PCH.hpp" />
  </ItemGroup>
  <ItemGroup>
    <None Include="packages.config" />
    <None Include="res\bios.bin">
      <Filter>res</Filter>
    </None>
    <None Include="res\tests\instr_timing.gb">
      <Filter>res\tests</Filter>
    </None>
    <None Include="res\tests\cpu_instrs.gb">
      <Filter>res\tests</Filter>
    </None>
  </ItemGroup>
  <ItemGroup>
    <Filter Include="res">
      <UniqueIdentifier>{f6e50b41-7ee8-4c5f-8894-c06431f8f0cf}</UniqueIdentifier>
    </Filter>
    <Filter Include="res\tests">
      <UniqueIdentifier>{881a1e82-9f47-4576-b3ca-11e069be9ad1}</UniqueIdentifier>
    </Filter>
    <Filter Include="Headers">
      <UniqueIdentifier>{24865f9a-e104-4901-ad1c-1acde3737588}</UniqueIdentifier>
      <Extensions>*.hpp</Extensions>
    </Filter>
    <Filter Include="Sources">
      <UniqueIdentifier>{c8fdb02d-2ecf-48c4-9774-baec71afb9bb}</UniqueIdentifier>
      <Extensions>*.cpp</Extensions>
    </Filter>
  </ItemGroup>
</Project>